
Microsoft Visual Studio Solution File, Format Version 12.00
# Visual Studio 15
Project("{FAE04EC0-301F-11D3-BF4B-00C04F79EFBC}") = "ExcelPictures", "ExcelPictures\ExcelPictures.csproj", "{AABB0F20-3DC6-4D42-A3BA-93F758B1A23F}"
EndProject
Global
	GlobalSection(SolutionConfigurationPlatforms) = preSolution
		Debug|Any CPU = Debug|Any CPU
		Release|Any CPU = Release|Any CPU
	EndGlobalSection
	GlobalSection(ProjectConfigurationPlatforms) = postSolution
		{AABB0F20-3DC6-4D42-A3BA-93F758B1A23F}.Debug|Any CPU.ActiveCfg = Debug|Any CPU
		{AABB0F20-3DC6-4D42-A3BA-93F758B1A23F}.Debug|Any CPU.Build.0 = Debug|Any CPU
		{AABB0F20-3DC6-4D42-A3BA-93F758B1A23F}.Release|Any CPU.ActiveCfg = Release|Any CPU
		{AABB0F20-3DC6-4D42-A3BA-93F758B1A23F}.Release|Any CPU.Build.0 = Release|Any CPU
	EndGlobalSection
EndGlobal
